// !$*UTF8*$!
{
	archiveVersion = 1;
	classes = {
	};
	objectVersion = 50;
	objects = {

/* Begin PBXBuildFile section */
		633334722151487600101342 /* SimulatorsList.txt in Resources */ = {isa = PBXBuildFile; fileRef = 633334712151487600101342 /* SimulatorsList.txt */; };
		63F4D259214C2C6700A197FC /* AppDelegate.swift in Sources */ = {isa = PBXBuildFile; fileRef = 63F4D258214C2C6700A197FC /* AppDelegate.swift */; };
		63F4D25B214C2C6700A197FC /* ViewController.swift in Sources */ = {isa = PBXBuildFile; fileRef = 63F4D25A214C2C6700A197FC /* ViewController.swift */; };
		63F4D25E214C2C6700A197FC /* Main.storyboard in Resources */ = {isa = PBXBuildFile; fileRef = 63F4D25C214C2C6700A197FC /* Main.storyboard */; };
		63F4D260214C2C6900A197FC /* Assets.xcassets in Resources */ = {isa = PBXBuildFile; fileRef = 63F4D25F214C2C6900A197FC /* Assets.xcassets */; };
		63F4D263214C2C6900A197FC /* LaunchScreen.storyboard in Resources */ = {isa = PBXBuildFile; fileRef = 63F4D261214C2C6900A197FC /* LaunchScreen.storyboard */; };
/* End PBXBuildFile section */

/* Begin PBXFileReference section */
		633334712151487600101342 /* SimulatorsList.txt */ = {isa = PBXFileReference; lastKnownFileType = text; path = SimulatorsList.txt; sourceTree = "<group>"; };
		6333347321514D6E00101342 /* multipleSimulatorsStartup.sh */ = {isa = PBXFileReference; lastKnownFileType = text.script.sh; path = multipleSimulatorsStartup.sh; sourceTree = "<group>"; };
		63F4D255214C2C6700A197FC /* MultipleSimulators.app */ = {isa = PBXFileReference; explicitFileType = wrapper.application; includeInIndex = 0; path = MultipleSimulators.app; sourceTree = BUILT_PRODUCTS_DIR; };
		63F4D258214C2C6700A197FC /* AppDelegate.swift */ = {isa = PBXFileReference; lastKnownFileType = sourcecode.swift; path = AppDelegate.swift; sourceTree = "<group>"; };
		63F4D25A214C2C6700A197FC /* ViewController.swift */ = {isa = PBXFileReference; lastKnownFileType = sourcecode.swift; path = ViewController.swift; sourceTree = "<group>"; };
		63F4D25D214C2C6700A197FC /* Base */ = {isa = PBXFileReference; lastKnownFileType = file.storyboard; name = Base; path = Base.lproj/Main.storyboard; sourceTree = "<group>"; };
		63F4D25F214C2C6900A197FC /* Assets.xcassets */ = {isa = PBXFileReference; lastKnownFileType = folder.assetcatalog; path = Assets.xcassets; sourceTree = "<group>"; };
		63F4D262214C2C6900A197FC /* Base */ = {isa = PBXFileReference; lastKnownFileType = file.storyboard; name = Base; path = Base.lproj/LaunchScreen.storyboard; sourceTree = "<group>"; };
		63F4D264214C2C6900A197FC /* Info.plist */ = {isa = PBXFileReference; lastKnownFileType = text.plist.xml; path = Info.plist; sourceTree = "<group>"; };
/* End PBXFileReference section */

/* Begin PBXFrameworksBuildPhase section */
		63F4D252214C2C6700A197FC /* Frameworks */ = {
			isa = PBXFrameworksBuildPhase;
			buildActionMask = 2147483647;
			files = (
			);
			runOnlyForDeploymentPostprocessing = 0;
		};
/* End PBXFrameworksBuildPhase section */

/* Begin PBXGroup section */
		63F4D24C214C2C6700A197FC = {
			isa = PBXGroup;
			children = (
				6333347321514D6E00101342 /* multipleSimulatorsStartup.sh */,
				633334712151487600101342 /* SimulatorsList.txt */,
				63F4D257214C2C6700A197FC /* MultipleSimulators */,
				63F4D256214C2C6700A197FC /* Products */,
			);
			sourceTree = "<group>";
		};
		63F4D256214C2C6700A197FC /* Products */ = {
			isa = PBXGroup;
			children = (
				63F4D255214C2C6700A197FC /* MultipleSimulators.app */,
			);
			name = Products;
			sourceTree = "<group>";
		};
		63F4D257214C2C6700A197FC /* MultipleSimulators */ = {
			isa = PBXGroup;
			children = (
				63F4D258214C2C6700A197FC /* AppDelegate.swift */,
				63F4D25A214C2C6700A197FC /* ViewController.swift */,
				63F4D25C214C2C6700A197FC /* Main.storyboard */,
				63F4D25F214C2C6900A197FC /* Assets.xcassets */,
				63F4D261214C2C6900A197FC /* LaunchScreen.storyboard */,
				63F4D264214C2C6900A197FC /* Info.plist */,
			);
			path = MultipleSimulators;
			sourceTree = "<group>";
		};
/* End PBXGroup section */

/* Begin PBXNativeTarget section */
		63F4D254214C2C6700A197FC /* MultipleSimulators */ = {
			isa = PBXNativeTarget;
			buildConfigurationList = 63F4D267214C2C6900A197FC /* Build configuration list for PBXNativeTarget "MultipleSimulators" */;
			buildPhases = (
				63F4D251214C2C6700A197FC /* Sources */,
				63F4D252214C2C6700A197FC /* Frameworks */,
				63F4D253214C2C6700A197FC /* Resources */,
				63333474215153F800101342 /* ShellScript */,
			);
			buildRules = (
			);
			dependencies = (
			);
			name = MultipleSimulators;
			productName = MultipleSimulators;
			productReference = 63F4D255214C2C6700A197FC /* MultipleSimulators.app */;
			productType = "com.apple.product-type.application";
		};
/* End PBXNativeTarget section */

/* Begin PBXProject section */
		63F4D24D214C2C6700A197FC /* Project object */ = {
			isa = PBXProject;
			attributes = {
				LastSwiftUpdateCheck = 0940;
				LastUpgradeCheck = 0940;
				ORGANIZATIONNAME = "Guilherme Girotto";
				TargetAttributes = {
					63F4D254214C2C6700A197FC = {
						CreatedOnToolsVersion = 9.4.1;
					};
				};
			};
			buildConfigurationList = 63F4D250214C2C6700A197FC /* Build configuration list for PBXProject "MultipleSimulators" */;
			compatibilityVersion = "Xcode 9.3";
			developmentRegion = en;
			hasScannedForEncodings = 0;
			knownRegions = (
				en,
				Base,
			);
			mainGroup = 63F4D24C214C2C6700A197FC;
			productRefGroup = 63F4D256214C2C6700A197FC /* Products */;
			projectDirPath = "";
			projectRoot = "";
			targets = (
				63F4D254214C2C6700A197FC /* MultipleSimulators */,
			);
		};
/* End PBXProject section */

/* Begin PBXResourcesBuildPhase section */
		63F4D253214C2C6700A197FC /* Resources */ = {
			isa = PBXResourcesBuildPhase;
			buildActionMask = 2147483647;
			files = (
				63F4D263214C2C6900A197FC /* LaunchScreen.storyboard in Resources */,
				63F4D260214C2C6900A197FC /* Assets.xcassets in Resources */,
				63F4D25E214C2C6700A197FC /* Main.storyboard in Resources */,
				633334722151487600101342 /* SimulatorsList.txt in Resources */,
			);
			runOnlyForDeploymentPostprocessing = 0;
		};
/* End PBXResourcesBuildPhase section */

/* Begin PBXShellScriptBuildPhase section */
		63333474215153F800101342 /* ShellScript */ = {
			isa = PBXShellScriptBuildPhase;
			buildActionMask = 2147483647;
			files = (
			);
			inputFileListPaths = (
			);
			inputPaths = (
			);
			outputFileListPaths = (
			);
			outputPaths = (
			);
			runOnlyForDeploymentPostprocessing = 0;
			shellPath = /bin/sh;
			shellScript = "custom_sim=`xcrun simctl list | grep 'Custom Simulators' | awk -F'[()]' '{print $2}'`\nif [ ! -z \"${custom_sim}\" ] && [ \"${TARGET_DEVICE_IDENTIFIER}\" = \"${custom_sim}\" ]; then\n/bin/sh multipleSimulatorsStartup.sh\nfi\n";
		};
/* End PBXShellScriptBuildPhase section */

/* Begin PBXSourcesBuildPhase section */
		63F4D251214C2C6700A197FC /* Sources */ = {
			isa = PBXSourcesBuildPhase;
			buildActionMask = 2147483647;
			files = (
				63F4D25B214C2C6700A197FC /* ViewController.swift in Sources */,
				63F4D259214C2C6700A197FC /* AppDelegate.swift in Sources */,
			);
			runOnlyForDeploymentPostprocessing = 0;
		};
/* End PBXSourcesBuildPhase section */

/* Begin PBXVariantGroup section */
		63F4D25C214C2C6700A197FC /* Main.storyboard */ = {
			isa = PBXVariantGroup;
			children = (
				63F4D25D214C2C6700A197FC /* Base */,
			);
			name = Main.storyboard;
			sourceTree = "<group>";
		};
		63F4D261214C2C6900A197FC /* LaunchScreen.storyboard */ = {
			isa = PBXVariantGroup;
			children = (
				63F4D262214C2C6900A197FC /* Base */,
			);
			name = LaunchScreen.storyboard;
			sourceTree = "<group>";
		};
/* End PBXVariantGroup section */

/* Begin XCBuildConfiguration section */
		63F4D265214C2C6900A197FC /* Debug */ = {
			isa = XCBuildConfiguration;
			buildSettings = {
				ALWAYS_SEARCH_USER_PATHS = NO;
				CLANG_ANALYZER_NONNULL = YES;
				CLANG_ANALYZER_NUMBER_OBJECT_CONVERSION = YES_AGGRESSIVE;
				CLANG_CXX_LANGUAGE_STANDARD = "gnu++14";
				CLANG_CXX_LIBRARY = "libc++";
				CLANG_ENABLE_MODULES = YES;
				CLANG_ENABLE_OBJC_ARC = YES;
				CLANG_ENABLE_OBJC_WEAK = YES;
				CLANG_WARN_BLOCK_CAPTURE_AUTORELEASING = YES;
				CLANG_WARN_BOOL_CONVERSION = YES;
				CLANG_WARN_COMMA = YES;
				CLANG_WARN_CONSTANT_CONVERSION = YES;
				CLANG_WARN_DEPRECATED_OBJC_IMPLEMENTATIONS = YES;
				CLANG_WARN_DIRECT_OBJC_ISA_USAGE = YES_ERROR;
				CLANG_WARN_DOCUMENTATION_COMMENTS = YES;
				CLANG_WARN_EMPTY_BODY = YES;
				CLANG_WARN_ENUM_CONVERSION = YES;
				CLANG_WARN_INFINITE_RECURSION = YES;
				CLANG_WARN_INT_CONVERSION = YES;
				CLANG_WARN_NON_LITERAL_NULL_CONVERSION = YES;
				CLANG_WARN_OBJC_IMPLICIT_RETAIN_SELF = YES;
				CLANG_WARN_OBJC_LITERAL_CONVERSION = YES;
				CLANG_WARN_OBJC_ROOT_CLASS = YES_ERROR;
				CLANG_WARN_RANGE_LOOP_ANALYSIS = YES;
				CLANG_WARN_STRICT_PROTOTYPES = YES;
				CLANG_WARN_SUSPICIOUS_MOVE = YES;
				CLANG_WARN_UNGUARDED_AVAILABILITY = YES_AGGRESSIVE;
				CLANG_WARN_UNREACHABLE_CODE = YES;
				CLANG_WARN__DUPLICATE_METHOD_MATCH = YES;
				CODE_SIGN_IDENTITY = "iPhone Developer";
				COPY_PHASE_STRIP = NO;
				DEBUG_INFORMATION_FORMAT = dwarf;
				ENABLE_STRICT_OBJC_MSGSEND = YES;
				ENABLE_TESTABILITY = YES;
				GCC_C_LANGUAGE_STANDARD = gnu11;
				GCC_DYNAMIC_NO_PIC = NO;
				GCC_NO_COMMON_BLOCKS = YES;
				GCC_OPTIMIZATION_LEVEL = 0;
				GCC_PREPROCESSOR_DEFINITIONS = (
					"DEBUG=1",
					"$(inherited)",
				);
				GCC_WARN_64_TO_32_BIT_CONVERSION = YES;
				GCC_WARN_ABOUT_RETURN_TYPE = YES_ERROR;
				GCC_WARN_UNDECLARED_SELECTOR = YES;
				GCC_WARN_UNINITIALIZED_AUTOS = YES_AGGRESSIVE;
				GCC_WARN_UNUSED_FUNCTION = YES;
				GCC_WARN_UNUSED_VARIABLE = YES;
				IPHONEOS_DEPLOYMENT_TARGET = 11.4;
				MTL_ENABLE_DEBUG_INFO = YES;
				ONLY_ACTIVE_ARCH = YES;
				SDKROOT = iphoneos;
				SWIFT_ACTIVE_COMPILATION_CONDITIONS = DEBUG;
				SWIFT_OPTIMIZATION_LEVEL = "-Onone";
			};
			name = Debug;
		};
		63F4D266214C2C6900A197FC /* Release */ = {
			isa = XCBuildConfiguration;
			buildSettings = {
				ALWAYS_SEARCH_USER_PATHS = NO;
				CLANG_ANALYZER_NONNULL = YES;
				CLANG_ANALYZER_NUMBER_OBJECT_CONVERSION = YES_AGGRESSIVE;
				CLANG_CXX_LANGUAGE_STANDARD = "gnu++14";
				CLANG_CXX_LIBRARY = "libc++";
				CLANG_ENABLE_MODULES = YES;
				CLANG_ENABLE_OBJC_ARC = YES;
				CLANG_ENABLE_OBJC_WEAK = YES;
				CLANG_WARN_BLOCK_CAPTURE_AUTORELEASING = YES;
				CLANG_WARN_BOOL_CONVERSION = YES;
				CLANG_WARN_COMMA = YES;
				CLANG_WARN_CONSTANT_CONVERSION = YES;
				CLANG_WARN_DEPRECATED_OBJC_IMPLEMENTATIONS = YES;
				CLANG_WARN_DIRECT_OBJC_ISA_USAGE = YES_ERROR;
				CLANG_WARN_DOCUMENTATION_COMMENTS = YES;
				CLANG_WARN_EMPTY_BODY = YES;
				CLANG_WARN_ENUM_CONVERSION = YES;
				CLANG_WARN_INFINITE_RECURSION = YES;
				CLANG_WARN_INT_CONVERSION = YES;
				CLANG_WARN_NON_LITERAL_NULL_CONVERSION = YES;
				CLANG_WARN_OBJC_IMPLICIT_RETAIN_SELF = YES;
				CLANG_WARN_OBJC_LITERAL_CONVERSION = YES;
				CLANG_WARN_OBJC_ROOT_CLASS = YES_ERROR;
				CLANG_WARN_RANGE_LOOP_ANALYSIS = YES;
				CLANG_WARN_STRICT_PROTOTYPES = YES;
				CLANG_WARN_SUSPICIOUS_MOVE = YES;
				CLANG_WARN_UNGUARDED_AVAILABILITY = YES_AGGRESSIVE;
				CLANG_WARN_UNREACHABLE_CODE = YES;
				CLANG_WARN__DUPLICATE_METHOD_MATCH = YES;
				CODE_SIGN_IDENTITY = "iPhone Developer";
				COPY_PHASE_STRIP = NO;
				DEBUG_INFORMATION_FORMAT = "dwarf-with-dsym";
				ENABLE_NS_ASSERTIONS = NO;
				ENABLE_STRICT_OBJC_MSGSEND = YES;
				GCC_C_LANGUAGE_STANDARD = gnu11;
				GCC_NO_COMMON_BLOCKS = YES;
				GCC_WARN_64_TO_32_BIT_CONVERSION = YES;
				GCC_WARN_ABOUT_RETURN_TYPE = YES_ERROR;
				GCC_WARN_UNDECLARED_SELECTOR = YES;
				GCC_WARN_UNINITIALIZED_AUTOS = YES_AGGRESSIVE;
				GCC_WARN_UNUSED_FUNCTION = YES;
				GCC_WARN_UNUSED_VARIABLE = YES;
				IPHONEOS_DEPLOYMENT_TARGET = 11.4;
				MTL_ENABLE_DEBUG_INFO = NO;
				SDKROOT = iphoneos;
				SWIFT_COMPILATION_MODE = wholemodule;
				SWIFT_OPTIMIZATION_LEVEL = "-O";
				VALIDATE_PRODUCT = YES;
			};
			name = Release;
		};
		63F4D268214C2C6900A197FC /* Debug */ = {
			isa = XCBuildConfiguration;
			buildSettings = {
				ASSETCATALOG_COMPILER_APPICON_NAME = AppIcon;
				CODE_SIGN_STYLE = Automatic;
				DEVELOPMENT_TEAM = 583UZTNE98;
				INFOPLIST_FILE = MultipleSimulators/Info.plist;
				LD_RUNPATH_SEARCH_PATHS = (
					"$(inherited)",
					"@executable_path/Frameworks",
				);
				PRODUCT_BUNDLE_IDENTIFIER = com.guilhermegirotto.MultipleSimulators;
				PRODUCT_NAME = "$(TARGET_NAME)";
				SWIFT_VERSION = 4.0;
				TARGETED_DEVICE_FAMILY = "1,2";
			};
			name = Debug;
		};
		63F4D269214C2C6900A197FC /* Release */ = {
			isa = XCBuildConfiguration;
			buildSettings = {
				ASSETCATALOG_COMPILER_APPICON_NAME = AppIcon;
				CODE_SIGN_STYLE = Automatic;
				DEVELOPMENT_TEAM = 583UZTNE98;
				INFOPLIST_FILE = MultipleSimulators/Info.plist;
				LD_RUNPATH_SEARCH_PATHS = (
					"$(inherited)",
					"@executable_path/Frameworks",
				);
				PRODUCT_BUNDLE_IDENTIFIER = com.guilhermegirotto.MultipleSimulators;
				PRODUCT_NAME = "$(TARGET_NAME)";
				SWIFT_VERSION = 4.0;
				TARGETED_DEVICE_FAMILY = "1,2";
			};
			name = Release;
		};
/* End XCBuildConfiguration section */

/* Begin XCConfigurationList section */
		63F4D250214C2C6700A197FC /* Build configuration list for PBXProject "MultipleSimulators" */ = {
			isa = XCConfigurationList;
			buildConfigurations = (
				63F4D265214C2C6900A197FC /* Debug */,
				63F4D266214C2C6900A197FC /* Release */,
			);
			defaultConfigurationIsVisible = 0;
			defaultConfigurationName = Release;
		};
		63F4D267214C2C6900A197FC /* Build configuration list for PBXNativeTarget "MultipleSimulators" */ = {
			isa = XCConfigurationList;
			buildConfigurations = (
				63F4D268214C2C6900A197FC /* Debug */,
				63F4D269214C2C6900A197FC /* Release */,
			);
			defaultConfigurationIsVisible = 0;
			defaultConfigurationName = Release;
		};
/* End XCConfigurationList section */
	};
	rootObject = 63F4D24D214C2C6700A197FC /* Project object */;
}
